
Microsoft Visual Studio Solution File, Format Version 11.00
# Visual Studio 2010
Project("{FAE04EC0-301F-11D3-BF4B-00C04F79EFBC}") = "MuMatching", "MuMatching\MuMatching.csproj", "{04831673-112E-4A74-AEAF-DDFDA63EF741}"
EndProject
Project("{FAE04EC0-301F-11D3-BF4B-00C04F79EFBC}") = "MuMatching.Tests", "MuMatching.Tests\MuMatching.Tests.csproj", "{3BE56AA1-CADC-4477-9853-FEFAD600CD59}"
EndProject
Global
	GlobalSection(SolutionConfigurationPlatforms) = preSolution
		Debug|Any CPU = Debug|Any CPU
		Release|Any CPU = Release|Any CPU
	EndGlobalSection
	GlobalSection(ProjectConfigurationPlatforms) = postSolution
		{04831673-112E-4A74-AEAF-DDFDA63EF741}.Debug|Any CPU.ActiveCfg = Debug|Any CPU
		{04831673-112E-4A74-AEAF-DDFDA63EF741}.Debug|Any CPU.Build.0 = Debug|Any CPU
		{04831673-112E-4A74-AEAF-DDFDA63EF741}.Release|Any CPU.ActiveCfg = Release|Any CPU
		{04831673-112E-4A74-AEAF-DDFDA63EF741}.Release|Any CPU.Build.0 = Release|Any CPU
		{3BE56AA1-CADC-4477-9853-FEFAD600CD59}.Debug|Any CPU.ActiveCfg = Debug|Any CPU
		{3BE56AA1-CADC-4477-9853-FEFAD600CD59}.Debug|Any CPU.Build.0 = Debug|Any CPU
		{3BE56AA1-CADC-4477-9853-FEFAD600CD59}.Release|Any CPU.ActiveCfg = Release|Any CPU
		{3BE56AA1-CADC-4477-9853-FEFAD600CD59}.Release|Any CPU.Build.0 = Release|Any CPU
	EndGlobalSection
	GlobalSection(SolutionProperties) = preSolution
		HideSolutionNode = FALSE
	EndGlobalSection
EndGlobal
